
Microsoft Visual Studio Solution File, Format Version 12.00
# Visual Studio Version 16
VisualStudioVersion = 16.0.32901.82
MinimumVisualStudioVersion = 10.0.40219.1
Project("{FAE04EC0-301F-11D3-BF4B-00C04F79EFBC}") = "Practica", "Practica\Practica.csproj", "{7522BDAC-2AFC-4459-87CE-654243AF025E}"
EndProject
Global
	GlobalSection(SolutionConfigurationPlatforms) = preSolution
		Debug|Any CPU = Debug|Any CPU
		Release|Any CPU = Release|Any CPU
	EndGlobalSection
	GlobalSection(ProjectConfigurationPlatforms) = postSolution
		{7522BDAC-2AFC-4459-87CE-654243AF025E}.Debug|Any CPU.ActiveCfg = Debug|Any CPU
		{7522BDAC-2AFC-4459-87CE-654243AF025E}.Debug|Any CPU.Build.0 = Debug|Any CPU
		{7522BDAC-2AFC-4459-87CE-654243AF025E}.Release|Any CPU.ActiveCfg = Release|Any CPU
		{7522BDAC-2AFC-4459-87CE-654243AF025E}.Release|Any CPU.Build.0 = Release|Any CPU
	EndGlobalSection
	GlobalSection(SolutionProperties) = preSolution
		HideSolutionNode = FALSE
	EndGlobalSection
	GlobalSection(ExtensibilityGlobals) = postSolution
		SolutionGuid = {8C6ED111-B0D5-4A45-9394-CF9336633CA8}
	EndGlobalSection
EndGlobal
